
Microsoft Visual Studio Solution File, Format Version 12.00
# Visual Studio Version 17
VisualStudioVersion = 17.5.33516.290
MinimumVisualStudioVersion = 10.0.40219.1
Project("{9A19103F-16F7-4668-BE54-9A1E7A4F7556}") = "Knitter", "src\runtime\Knitter\Knitter.csproj", "{205B933A-D154-45AD-901D-576780995EDC}"
EndProject
Project("{2150E333-8FDC-42A3-9474-1A3956D46DE8}") = "examples", "examples", "{69EF635F-23C7-49E1-9F4E-748A96845961}"
EndProject
Project("{2150E333-8FDC-42A3-9474-1A3956D46DE8}") = "test", "test", "{49ABF7E3-C0A4-43C2-8E11-A7DA73E21AB2}"
EndProject
Project("{2150E333-8FDC-42A3-9474-1A3956D46DE8}") = "Platform", "Platform", "{D63A636B-3F2F-48B0-84AC-A94ECECC498F}"
EndProject
Project("{2150E333-8FDC-42A3-9474-1A3956D46DE8}") = "runtime", "runtime", "{B4FCC33F-3C74-448E-8DED-A7BB43C5683E}"
EndProject
Project("{9A19103F-16F7-4668-BE54-9A1E7A4F7556}") = "Knitter.Platform.Window", "src\runtime\Platform\Knitter.Platform.Window\Knitter.Platform.Window.csproj", "{6AD1352F-8E24-4BFE-BA02-9120F97185D8}"
EndProject
Project("{2150E333-8FDC-42A3-9474-1A3956D46DE8}") = "Common", "Common", "{B31C5C7B-B702-4A0D-AD5E-F6061FB2733E}"
EndProject
Project("{9A19103F-16F7-4668-BE54-9A1E7A4F7556}") = "Knitter.Common.Utils", "src\runtime\Common\Knitter.Common.Utils\Knitter.Common.Utils.csproj", "{73F042ED-2468-441E-996B-6740CA496871}"
EndProject
Project("{9A19103F-16F7-4668-BE54-9A1E7A4F7556}") = "TempExample", "examples\TempExample\TempExample.csproj", "{6DD4E3CD-7C18-4ACD-925A-5697FC29688A}"
EndProject
Project("{2150E333-8FDC-42A3-9474-1A3956D46DE8}") = "Service", "Service", "{A25F8B86-FE09-4732-9B6F-483CC911917F}"
EndProject
Project("{2150E333-8FDC-42A3-9474-1A3956D46DE8}") = "GUI", "GUI", "{8C86603E-3104-42DF-A0C5-A54C8A4E9038}"
EndProject
Project("{9A19103F-16F7-4668-BE54-9A1E7A4F7556}") = "Knitter.Service.GUI.ImGui", "src\runtime\Service\GUI\Knitter.Service.GUI.ImGui\Knitter.Service.GUI.ImGui.csproj", "{091B6E9A-1078-4B18-A158-FCE66D1177C0}"
EndProject
Project("{9A19103F-16F7-4668-BE54-9A1E7A4F7556}") = "Knitter.Platform.Input", "src\runtime\Platform\Knitter.Platform.Input\Knitter.Platform.Input.csproj", "{BD1328A3-4CCF-4E7E-BB78-2867FF1157D5}"
EndProject
Project("{2150E333-8FDC-42A3-9474-1A3956D46DE8}") = "Graphics", "Graphics", "{20F3E08B-30B6-456C-80C1-1FA971988957}"
EndProject
Project("{9A19103F-16F7-4668-BE54-9A1E7A4F7556}") = "Knitter.Platform.Graphics.Vulkan", "src\runtime\Platform\Graphics\Knitter.Platform.Graphics.Vulkan\Knitter.Platform.Graphics.Vulkan.csproj", "{088949D6-F3FD-451F-B166-CB335E9EFF85}"
EndProject
Project("{9A19103F-16F7-4668-BE54-9A1E7A4F7556}") = "Knitter.Platform.Graphics.Common", "src\runtime\Platform\Graphics\Knitter.Platform.Graphics.Common\Knitter.Platform.Graphics.Common.csproj", "{4F8E96FB-B548-468C-A281-390FB1ADBAD8}"
EndProject
Project("{9A19103F-16F7-4668-BE54-9A1E7A4F7556}") = "Knitter.Platform.Graphics", "src\runtime\Platform\Graphics\Knitter.Platform.Graphics\Knitter.Platform.Graphics.csproj", "{3F2F1774-3B46-44D9-8F6C-D3D6063D55D8}"
EndProject
Global
	GlobalSection(SolutionConfigurationPlatforms) = preSolution
		Debug|Any CPU = Debug|Any CPU
		Release|Any CPU = Release|Any CPU
	EndGlobalSection
	GlobalSection(ProjectConfigurationPlatforms) = postSolution
		{205B933A-D154-45AD-901D-576780995EDC}.Debug|Any CPU.ActiveCfg = Debug|Any CPU
		{205B933A-D154-45AD-901D-576780995EDC}.Debug|Any CPU.Build.0 = Debug|Any CPU
		{205B933A-D154-45AD-901D-576780995EDC}.Release|Any CPU.ActiveCfg = Release|Any CPU
		{205B933A-D154-45AD-901D-576780995EDC}.Release|Any CPU.Build.0 = Release|Any CPU
		{6AD1352F-8E24-4BFE-BA02-9120F97185D8}.Debug|Any CPU.ActiveCfg = Debug|Any CPU
		{6AD1352F-8E24-4BFE-BA02-9120F97185D8}.Debug|Any CPU.Build.0 = Debug|Any CPU
		{6AD1352F-8E24-4BFE-BA02-9120F97185D8}.Release|Any CPU.ActiveCfg = Release|Any CPU
		{6AD1352F-8E24-4BFE-BA02-9120F97185D8}.Release|Any CPU.Build.0 = Release|Any CPU
		{73F042ED-2468-441E-996B-6740CA496871}.Debug|Any CPU.ActiveCfg = Debug|Any CPU
		{73F042ED-2468-441E-996B-6740CA496871}.Debug|Any CPU.Build.0 = Debug|Any CPU
		{73F042ED-2468-441E-996B-6740CA496871}.Release|Any CPU.ActiveCfg = Release|Any CPU
		{73F042ED-2468-441E-996B-6740CA496871}.Release|Any CPU.Build.0 = Release|Any CPU
		{6DD4E3CD-7C18-4ACD-925A-5697FC29688A}.Debug|Any CPU.ActiveCfg = Debug|Any CPU
		{6DD4E3CD-7C18-4ACD-925A-5697FC29688A}.Debug|Any CPU.Build.0 = Debug|Any CPU
		{6DD4E3CD-7C18-4ACD-925A-5697FC29688A}.Release|Any CPU.ActiveCfg = Release|Any CPU
		{6DD4E3CD-7C18-4ACD-925A-5697FC29688A}.Release|Any CPU.Build.0 = Release|Any CPU
		{091B6E9A-1078-4B18-A158-FCE66D1177C0}.Debug|Any CPU.ActiveCfg = Debug|Any CPU
		{091B6E9A-1078-4B18-A158-FCE66D1177C0}.Debug|Any CPU.Build.0 = Debug|Any CPU
		{091B6E9A-1078-4B18-A158-FCE66D1177C0}.Release|Any CPU.ActiveCfg = Release|Any CPU
		{091B6E9A-1078-4B18-A158-FCE66D1177C0}.Release|Any CPU.Build.0 = Release|Any CPU
		{BD1328A3-4CCF-4E7E-BB78-2867FF1157D5}.Debug|Any CPU.ActiveCfg = Debug|Any CPU
		{BD1328A3-4CCF-4E7E-BB78-2867FF1157D5}.Debug|Any CPU.Build.0 = Debug|Any CPU
		{BD1328A3-4CCF-4E7E-BB78-2867FF1157D5}.Release|Any CPU.ActiveCfg = Release|Any CPU
		{BD1328A3-4CCF-4E7E-BB78-2867FF1157D5}.Release|Any CPU.Build.0 = Release|Any CPU
		{088949D6-F3FD-451F-B166-CB335E9EFF85}.Debug|Any CPU.ActiveCfg = Debug|Any CPU
		{088949D6-F3FD-451F-B166-CB335E9EFF85}.Debug|Any CPU.Build.0 = Debug|Any CPU
		{088949D6-F3FD-451F-B166-CB335E9EFF85}.Release|Any CPU.ActiveCfg = Release|Any CPU
		{088949D6-F3FD-451F-B166-CB335E9EFF85}.Release|Any CPU.Build.0 = Release|Any CPU
		{4F8E96FB-B548-468C-A281-390FB1ADBAD8}.Debug|Any CPU.ActiveCfg = Debug|Any CPU
		{4F8E96FB-B548-468C-A281-390FB1ADBAD8}.Debug|Any CPU.Build.0 = Debug|Any CPU
		{4F8E96FB-B548-468C-A281-390FB1ADBAD8}.Release|Any CPU.ActiveCfg = Release|Any CPU
		{4F8E96FB-B548-468C-A281-390FB1ADBAD8}.Release|Any CPU.Build.0 = Release|Any CPU
		{3F2F1774-3B46-44D9-8F6C-D3D6063D55D8}.Debug|Any CPU.ActiveCfg = Debug|Any CPU
		{3F2F1774-3B46-44D9-8F6C-D3D6063D55D8}.Debug|Any CPU.Build.0 = Debug|Any CPU
		{3F2F1774-3B46-44D9-8F6C-D3D6063D55D8}.Release|Any CPU.ActiveCfg = Release|Any CPU
		{3F2F1774-3B46-44D9-8F6C-D3D6063D55D8}.Release|Any CPU.Build.0 = Release|Any CPU
	EndGlobalSection
	GlobalSection(SolutionProperties) = preSolution
		HideSolutionNode = FALSE
	EndGlobalSection
	GlobalSection(NestedProjects) = preSolution
		{205B933A-D154-45AD-901D-576780995EDC} = {B4FCC33F-3C74-448E-8DED-A7BB43C5683E}
		{D63A636B-3F2F-48B0-84AC-A94ECECC498F} = {B4FCC33F-3C74-448E-8DED-A7BB43C5683E}
		{6AD1352F-8E24-4BFE-BA02-9120F97185D8} = {D63A636B-3F2F-48B0-84AC-A94ECECC498F}
		{B31C5C7B-B702-4A0D-AD5E-F6061FB2733E} = {B4FCC33F-3C74-448E-8DED-A7BB43C5683E}
		{73F042ED-2468-441E-996B-6740CA496871} = {B31C5C7B-B702-4A0D-AD5E-F6061FB2733E}
		{6DD4E3CD-7C18-4ACD-925A-5697FC29688A} = {69EF635F-23C7-49E1-9F4E-748A96845961}
		{A25F8B86-FE09-4732-9B6F-483CC911917F} = {B4FCC33F-3C74-448E-8DED-A7BB43C5683E}
		{8C86603E-3104-42DF-A0C5-A54C8A4E9038} = {A25F8B86-FE09-4732-9B6F-483CC911917F}
		{091B6E9A-1078-4B18-A158-FCE66D1177C0} = {8C86603E-3104-42DF-A0C5-A54C8A4E9038}
		{BD1328A3-4CCF-4E7E-BB78-2867FF1157D5} = {D63A636B-3F2F-48B0-84AC-A94ECECC498F}
		{20F3E08B-30B6-456C-80C1-1FA971988957} = {D63A636B-3F2F-48B0-84AC-A94ECECC498F}
		{088949D6-F3FD-451F-B166-CB335E9EFF85} = {20F3E08B-30B6-456C-80C1-1FA971988957}
		{4F8E96FB-B548-468C-A281-390FB1ADBAD8} = {20F3E08B-30B6-456C-80C1-1FA971988957}
		{3F2F1774-3B46-44D9-8F6C-D3D6063D55D8} = {20F3E08B-30B6-456C-80C1-1FA971988957}
	EndGlobalSection
	GlobalSection(ExtensibilityGlobals) = postSolution
		SolutionGuid = {A417F4DC-30B7-4410-A3E1-1ABD157CBDFB}
	EndGlobalSection
EndGlobal
