
Microsoft Visual Studio Solution File, Format Version 12.00
# Visual Studio Version 17
VisualStudioVersion = 17.5.33516.290
MinimumVisualStudioVersion = 10.0.40219.1
Project("{9A19103F-16F7-4668-BE54-9A1E7A4F7556}") = "Knitter", "src\runtime\Knitter\Knitter.csproj", "{205B933A-D154-45AD-901D-576780995EDC}"
EndProject
Project("{2150E333-8FDC-42A3-9474-1A3956D46DE8}") = "examples", "examples", "{69EF635F-23C7-49E1-9F4E-748A96845961}"
EndProject
Project("{2150E333-8FDC-42A3-9474-1A3956D46DE8}") = "test", "test", "{49ABF7E3-C0A4-43C2-8E11-A7DA73E21AB2}"
EndProject
Project("{9A19103F-16F7-4668-BE54-9A1E7A4F7556}") = "Base", "examples\Base\Base.csproj", "{1F07B4D2-9344-4090-BFEF-EA4BDE406989}"
EndProject
Project("{2150E333-8FDC-42A3-9474-1A3956D46DE8}") = "Knitter.Platform", "Knitter.Platform", "{D63A636B-3F2F-48B0-84AC-A94ECECC498F}"
EndProject
Project("{2150E333-8FDC-42A3-9474-1A3956D46DE8}") = "runtime", "runtime", "{B4FCC33F-3C74-448E-8DED-A7BB43C5683E}"
EndProject
Project("{9A19103F-16F7-4668-BE54-9A1E7A4F7556}") = "Knitter.Platform.Graphics", "src\runtime\Knitter.Platform\Knitter.Platform.Graphics\Knitter.Platform.Graphics.csproj", "{6A278D5C-A262-4AFA-86CA-FDCD343C2A5D}"
EndProject
Project("{9A19103F-16F7-4668-BE54-9A1E7A4F7556}") = "Knitter.Platform.Window", "src\runtime\Knitter.Platform\Knitter.Platform.Window\Knitter.Platform.Window.csproj", "{F556B5B7-96CE-4E55-962E-0C971C8C90F3}"
EndProject
Global
	GlobalSection(SolutionConfigurationPlatforms) = preSolution
		Debug|Any CPU = Debug|Any CPU
		Release|Any CPU = Release|Any CPU
	EndGlobalSection
	GlobalSection(ProjectConfigurationPlatforms) = postSolution
		{205B933A-D154-45AD-901D-576780995EDC}.Debug|Any CPU.ActiveCfg = Debug|Any CPU
		{205B933A-D154-45AD-901D-576780995EDC}.Debug|Any CPU.Build.0 = Debug|Any CPU
		{205B933A-D154-45AD-901D-576780995EDC}.Release|Any CPU.ActiveCfg = Release|Any CPU
		{205B933A-D154-45AD-901D-576780995EDC}.Release|Any CPU.Build.0 = Release|Any CPU
		{1F07B4D2-9344-4090-BFEF-EA4BDE406989}.Debug|Any CPU.ActiveCfg = Debug|Any CPU
		{1F07B4D2-9344-4090-BFEF-EA4BDE406989}.Debug|Any CPU.Build.0 = Debug|Any CPU
		{1F07B4D2-9344-4090-BFEF-EA4BDE406989}.Release|Any CPU.ActiveCfg = Release|Any CPU
		{1F07B4D2-9344-4090-BFEF-EA4BDE406989}.Release|Any CPU.Build.0 = Release|Any CPU
		{6A278D5C-A262-4AFA-86CA-FDCD343C2A5D}.Debug|Any CPU.ActiveCfg = Debug|Any CPU
		{6A278D5C-A262-4AFA-86CA-FDCD343C2A5D}.Debug|Any CPU.Build.0 = Debug|Any CPU
		{6A278D5C-A262-4AFA-86CA-FDCD343C2A5D}.Release|Any CPU.ActiveCfg = Release|Any CPU
		{6A278D5C-A262-4AFA-86CA-FDCD343C2A5D}.Release|Any CPU.Build.0 = Release|Any CPU
		{F556B5B7-96CE-4E55-962E-0C971C8C90F3}.Debug|Any CPU.ActiveCfg = Debug|Any CPU
		{F556B5B7-96CE-4E55-962E-0C971C8C90F3}.Debug|Any CPU.Build.0 = Debug|Any CPU
		{F556B5B7-96CE-4E55-962E-0C971C8C90F3}.Release|Any CPU.ActiveCfg = Release|Any CPU
		{F556B5B7-96CE-4E55-962E-0C971C8C90F3}.Release|Any CPU.Build.0 = Release|Any CPU
	EndGlobalSection
	GlobalSection(SolutionProperties) = preSolution
		HideSolutionNode = FALSE
	EndGlobalSection
	GlobalSection(NestedProjects) = preSolution
		{205B933A-D154-45AD-901D-576780995EDC} = {B4FCC33F-3C74-448E-8DED-A7BB43C5683E}
		{1F07B4D2-9344-4090-BFEF-EA4BDE406989} = {69EF635F-23C7-49E1-9F4E-748A96845961}
		{D63A636B-3F2F-48B0-84AC-A94ECECC498F} = {B4FCC33F-3C74-448E-8DED-A7BB43C5683E}
		{6A278D5C-A262-4AFA-86CA-FDCD343C2A5D} = {D63A636B-3F2F-48B0-84AC-A94ECECC498F}
		{F556B5B7-96CE-4E55-962E-0C971C8C90F3} = {D63A636B-3F2F-48B0-84AC-A94ECECC498F}
	EndGlobalSection
	GlobalSection(ExtensibilityGlobals) = postSolution
		SolutionGuid = {A417F4DC-30B7-4410-A3E1-1ABD157CBDFB}
	EndGlobalSection
EndGlobal
